Microsoft Visual Studio Solution File, Format Version 12.00
# Visual Studio Version 17
VisualStudioVersion = 17.5.2.0
MinimumVisualStudioVersion = 10.0.40219.1
Project("{FAE04EC0-301F-11D3-BF4B-00C04F79EFBC}") = "getStartedApp", "getStartedApp.csproj", "{BE44927B-CE7C-BD20-CE7C-4810B09EB129}"
EndProject
Global
	GlobalSection(SolutionConfigurationPlatforms) = preSolution
		Debug|Any CPU = Debug|Any CPU
		Release|Any CPU = Release|Any CPU
	EndGlobalSection
	GlobalSection(ProjectConfigurationPlatforms) = postSolution
		{BE44927B-CE7C-BD20-CE7C-4810B09EB129}.Debug|Any CPU.ActiveCfg = Debug|Any CPU
		{BE44927B-CE7C-BD20-CE7C-4810B09EB129}.Debug|Any CPU.Build.0 = Debug|Any CPU
		{BE44927B-CE7C-BD20-CE7C-4810B09EB129}.Release|Any CPU.ActiveCfg = Release|Any CPU
		{BE44927B-CE7C-BD20-CE7C-4810B09EB129}.Release|Any CPU.Build.0 = Release|Any CPU
	EndGlobalSection
	GlobalSection(SolutionProperties) = preSolution
		HideSolutionNode = FALSE
	EndGlobalSection
	GlobalSection(ExtensibilityGlobals) = postSolution
		SolutionGuid = {FDC8CC2A-4734-485E-9404-73276024ED15}
	EndGlobalSection
EndGlobal
